
Microsoft Visual Studio Solution File, Format Version 11.00
# Visual Studio 2010
Project("{FAE04EC0-301F-11D3-BF4B-00C04F79EFBC}") = "OpcXmlDaClient", "OpcXmlDaClient\OpcXmlDaClient.csproj", "{4981902D-04C2-43E7-9D94-25CBE8CBF729}"
EndProject
Global
	GlobalSection(SolutionConfigurationPlatforms) = preSolution
		Debug|Any CPU = Debug|Any CPU
		Release|Any CPU = Release|Any CPU
	EndGlobalSection
	GlobalSection(ProjectConfigurationPlatforms) = postSolution
		{4981902D-04C2-43E7-9D94-25CBE8CBF729}.Debug|Any CPU.ActiveCfg = Debug|Any CPU
		{4981902D-04C2-43E7-9D94-25CBE8CBF729}.Debug|Any CPU.Build.0 = Debug|Any CPU
		{4981902D-04C2-43E7-9D94-25CBE8CBF729}.Release|Any CPU.ActiveCfg = Release|Any CPU
		{4981902D-04C2-43E7-9D94-25CBE8CBF729}.Release|Any CPU.Build.0 = Release|Any CPU
	EndGlobalSection
	GlobalSection(SolutionProperties) = preSolution
		HideSolutionNode = FALSE
	EndGlobalSection
EndGlobal
